
Microsoft Visual Studio Solution File, Format Version 12.00
# Visual Studio Version 17
VisualStudioVersion = 17.1.32328.378
MinimumVisualStudioVersion = 10.0.40219.1
Project("{FAE04EC0-301F-11D3-BF4B-00C04F79EFBC}") = "RealEstateDataTool", "RealEstateDataTool\RealEstateDataTool.csproj", "{242EC4FF-6E11-4E76-9447-B8FE0122C691}"
EndProject
Global
	GlobalSection(SolutionConfigurationPlatforms) = preSolution
		Debug|Any CPU = Debug|Any CPU
		Release|Any CPU = Release|Any CPU
	EndGlobalSection
	GlobalSection(ProjectConfigurationPlatforms) = postSolution
		{242EC4FF-6E11-4E76-9447-B8FE0122C691}.Debug|Any CPU.ActiveCfg = Debug|Any CPU
		{242EC4FF-6E11-4E76-9447-B8FE0122C691}.Debug|Any CPU.Build.0 = Debug|Any CPU
		{242EC4FF-6E11-4E76-9447-B8FE0122C691}.Release|Any CPU.ActiveCfg = Release|Any CPU
		{242EC4FF-6E11-4E76-9447-B8FE0122C691}.Release|Any CPU.Build.0 = Release|Any CPU
	EndGlobalSection
	GlobalSection(SolutionProperties) = preSolution
		HideSolutionNode = FALSE
	EndGlobalSection
	GlobalSection(ExtensibilityGlobals) = postSolution
		SolutionGuid = {974505DA-F91F-4B78-8CC1-FCAB26D48F37}
	EndGlobalSection
EndGlobal
